
Microsoft Visual Studio Solution File, Format Version 12.00
# Visual Studio Version 17
VisualStudioVersion = 17.5.002.0
MinimumVisualStudioVersion = 10.0.40219.1
Project("{9A19103F-16F7-4668-BE54-9A1E7A4F7556}") = "JWT", "JWT.csproj", "{71D86383-95CB-4A87-937F-D0E5790CD40F}"
EndProject
Global
	GlobalSection(SolutionConfigurationPlatforms) = preSolution
		Debug|Any CPU = Debug|Any CPU
		Release|Any CPU = Release|Any CPU
	EndGlobalSection
	GlobalSection(ProjectConfigurationPlatforms) = postSolution
		{71D86383-95CB-4A87-937F-D0E5790CD40F}.Debug|Any CPU.ActiveCfg = Debug|Any CPU
		{71D86383-95CB-4A87-937F-D0E5790CD40F}.Debug|Any CPU.Build.0 = Debug|Any CPU
		{71D86383-95CB-4A87-937F-D0E5790CD40F}.Release|Any CPU.ActiveCfg = Release|Any CPU
		{71D86383-95CB-4A87-937F-D0E5790CD40F}.Release|Any CPU.Build.0 = Release|Any CPU
	EndGlobalSection
	GlobalSection(SolutionProperties) = preSolution
		HideSolutionNode = FALSE
	EndGlobalSection
	GlobalSection(ExtensibilityGlobals) = postSolution
		SolutionGuid = {9EEF80D2-3B5C-4CC1-B2AB-EED1A4FDFA5C}
	EndGlobalSection
EndGlobal
